{
  "version": 4,
  "terraform_version": "1.5.7",
  "serial": 4,
  "lineage": "2d016ade-c74e-c2f2-c7da-c8770b8daefe",
  "outputs": {
    "kubernetes_cluster_host": {
      "value": "34.45.53.175",
      "type": "string"
    },
    "kubernetes_cluster_name": {
      "value": "mlops-469310-gke",
      "type": "string"
    },
    "project_id": {
      "value": "mlops-469310",
      "type": "string"
    },
    "region": {
      "value": "us-central1-c",
      "type": "string"
    }
  },
  "resources": [
    {
      "mode": "managed",
      "type": "google_container_cluster",
      "name": "primary",
      "provider": "provider[\"registry.terraform.io/hashicorp/google\"]",
      "instances": [
        {
          "schema_version": 1,
          "attributes": {
            "addons_config": [
              {
                "cloudrun_config": [],
                "config_connector_config": [],
                "dns_cache_config": [],
                "gce_persistent_disk_csi_driver_config": [
                  {
                    "enabled": true
                  }
                ],
                "gcp_filestore_csi_driver_config": [],
                "gcs_fuse_csi_driver_config": [],
                "gke_backup_agent_config": [],
                "horizontal_pod_autoscaling": [],
                "http_load_balancing": [],
                "network_policy_config": [
                  {
                    "disabled": true
                  }
                ]
              }
            ],
            "allow_net_admin": null,
            "authenticator_groups_config": [],
            "binary_authorization": [
              {
                "enabled": false,
                "evaluation_mode": ""
              }
            ],
            "cluster_autoscaling": [
              {
                "auto_provisioning_defaults": [],
                "enabled": false,
                "resource_limits": []
              }
            ],
            "cluster_ipv4_cidr": "10.68.0.0/14",
            "confidential_nodes": [],
            "cost_management_config": [],
            "database_encryption": [
              {
                "key_name": "",
                "state": "DECRYPTED"
              }
            ],
            "datapath_provider": "",
            "default_max_pods_per_node": null,
            "default_snat_status": [
              {
                "disabled": false
              }
            ],
            "description": "",
            "dns_config": [],
            "enable_autopilot": false,
            "enable_binary_authorization": false,
            "enable_intranode_visibility": false,
            "enable_k8s_beta_apis": [],
            "enable_kubernetes_alpha": false,
            "enable_l4_ilb_subsetting": false,
            "enable_legacy_abac": false,
            "enable_shielded_nodes": true,
            "enable_tpu": false,
            "endpoint": "34.45.53.175",
            "gateway_api_config": [],
            "id": "projects/mlops-469310/locations/us-central1-c/clusters/mlops-469310-gke",
            "initial_node_count": 1,
            "ip_allocation_policy": [],
            "label_fingerprint": "a9dc16a7",
            "location": "us-central1-c",
            "logging_config": [
              {
                "enable_components": [
                  "SYSTEM_COMPONENTS",
                  "WORKLOADS"
                ]
              }
            ],
            "logging_service": "logging.googleapis.com/kubernetes",
            "maintenance_policy": [],
            "master_auth": [
              {
                "client_certificate": "",
                "client_certificate_config": [
                  {
                    "issue_client_certificate": false
                  }
                ],
                "client_key": "",
                "cluster_ca_certificate": "LS0tLS1CRUdJTiBDRVJUSUZJQ0FURS0tLS0tCk1JSUVMVENDQXBXZ0F3SUJBZ0lSQVBaUjJqYWU1b3grekJPSmo1bmtCTUF3RFFZSktvWklodmNOQVFFTEJRQXcKTHpFdE1Dc0dBMVVFQXhNa1l6azBZVE15WkRBdE5qazNNaTAwTmpJNExUbGtPRGt0T1RrMVlqazFPV0poTlRNeApNQ0FYRFRJMU1EZ3lNVEUyTkRnMU1Gb1lEekl3TlRVd09ERTBNVGMwT0RVd1dqQXZNUzB3S3dZRFZRUURFeVJqCk9UUmhNekprTUMwMk9UY3lMVFEyTWpndE9XUTRPUzA1T1RWaU9UVTVZbUUxTXpFd2dnR2lNQTBHQ1NxR1NJYjMKRFFFQkFRVUFBNElCandBd2dnR0tBb0lCZ1FEQmtrRFdqWGpMQzhENXNlbnpKRERoL0tQQjFOb3dheFJhWHNuRgpkQ1FHUkRuN0JZYTFoTXRLa1k0dS93Tjg2WVVqRTljUHdCbUhWQS9aR083SDdld0wyMnR6cm9HUHEzWWIzU1RBCmluUCtObDhPUzhjRVFhbWxSbk1qWTZYOWdlN0wrcWdJajI1NTZjMzhGZ3pVQlFnUy9QbE5Vc1VQZkhPdlkveG8KS1ZZY2lEUUlMSEtTVG4rSHZ5WEJ6VGZHcHNsc1BpUS82YTlEQ0ptZm9DYmwwQzMrM0l1T2EvR1RUUVl4d1RvdgpJNi85dFROQmlNdTBtaXljT0ZFc29PVjZUMXlDdUtvNU93bExRbzN6cUlvelNhWlhaeUdjQm9xa0h5N3dMU1U5CmhUa2k3QUgyS1cvUDRKMkVhVlpWQUpoeCtxZitwL2x1ODhpTUh1ZWlRNGdPMU9zSlRUOTMrTmdnRWtPQW1MWTAKeXpQUERSN2lWQTRtQy8wU2hPbVA0SnZWQSs4bGhYVi9nRHh4NGZ2eFRGN0hXNTRLUklqVjZsbzBaWVpYUmNqNApGdGJIV1FQeUlDY2dHWXBsUTg4TXphb05qcmNJaGNvMno2M3hRWlVKaGNJNTdGSWFXSENLWGNEaElDS0lsNVJlCnRXeW1wYitacUVaQ0xWeG9aOEgzb09LYmpXOENBd0VBQWFOQ01FQXdEZ1lEVlIwUEFRSC9CQVFEQWdJRU1BOEcKQTFVZEV3RUIvd1FGTUFNQkFmOHdIUVlEVlIwT0JCWUVGSkdXN2dPYmJjenh3TE9EditsdjFoS2xOcWJDTUEwRwpDU3FHU0liM0RRRUJDd1VBQTRJQmdRQWNqSGF4N25OMVIraXhOQmNSNmt4cHBCblR1R3VNeXdoRlYwQjk0d3JoClNzaTlqL1haVGFKRXpJNnlNdDJtWm42cCtxK0R3SzFJMk5kVmFlbFNYNFBJK3UvdEQ3cmNvUWtZNWZNL0FpbWkKcGtUeVNEaldocThBUG1XR05PSWpPMnQ2TWVERUgyaExrRU5rOXgyeFVSanRLd0ZLdzhPTTBaalgrRFNiSnhxNwp0a2czTGx6Q0FYdXZERGtRM2ZqdVlvV0NzTXlOR1BMS0V0MXorZnpGYXRsODlFTVhPOWtESzlkc3krT0VzV2xICm9FYit4bGZqYWFkZkM2TUdjZVFNekFLaWpSQ0pjNTNXOGx5WGpyRWRPUXIxRzNOMncxV1JaWkx5cHhoMHZKVWgKYnhNQWxseTRhWUpaVmV6WEkxWHVsTXdqaENDQmVKS3hheGkyM1NMRjRIMEpRM3NjRjRDY1R6ODBCZEpkMG5JdQpScVNTdXpDK2J2ZG1wQ09Ka0hSNHlRbnEydkxSUDFNQkhoRzVXRTRJTzJ3RzBOVHlvQThKWUZaaFA4MTdJOW03CnNoNXZLakhOSE9BQjRSWktxSGhaeWowdnNtTTNRQ2hUK2k2R05BSDJKNjFML1I1MkpidFRLQWdhdFZWWktmVXUKbHgxYWxxNFJzWGRQNnpqNkZXTGErNE09Ci0tLS0tRU5EIENFUlRJRklDQVRFLS0tLS0K"
              }
            ],
            "master_authorized_networks_config": [],
            "master_version": "1.33.2-gke.1240000",
            "mesh_certificates": [],
            "min_master_version": null,
            "monitoring_config": [
              {
                "advanced_datapath_observability_config": [
                  {
                    "enable_metrics": false,
                    "relay_mode": ""
                  }
                ],
                "enable_components": [
                  "SYSTEM_COMPONENTS",
                  "STORAGE",
                  "HPA",
                  "POD",
                  "DAEMONSET",
                  "DEPLOYMENT",
                  "STATEFULSET",
                  "JOBSET",
                  "CADVISOR",
                  "KUBELET",
                  "DCGM"
                ],
                "managed_prometheus": [
                  {
                    "enabled": true
                  }
                ]
              }
            ],
            "monitoring_service": "monitoring.googleapis.com/kubernetes",
            "name": "mlops-469310-gke",
            "network": "projects/mlops-469310/global/networks/default",
            "network_policy": [
              {
                "enabled": false,
                "provider": "PROVIDER_UNSPECIFIED"
              }
            ],
            "networking_mode": "ROUTES",
            "node_config": [],
            "node_locations": [],
            "node_pool": [],
            "node_pool_defaults": [
              {
                "node_config_defaults": [
                  {
                    "logging_variant": "DEFAULT"
                  }
                ]
              }
            ],
            "node_version": "1.33.2-gke.1240000",
            "notification_config": [
              {
                "pubsub": [
                  {
                    "enabled": false,
                    "filter": [],
                    "topic": ""
                  }
                ]
              }
            ],
            "operation": null,
            "private_cluster_config": [
              {
                "enable_private_endpoint": false,
                "enable_private_nodes": false,
                "master_global_access_config": [
                  {
                    "enabled": false
                  }
                ],
                "master_ipv4_cidr_block": "",
                "peering_name": "",
                "private_endpoint": "10.128.0.2",
                "private_endpoint_subnetwork": "",
                "public_endpoint": "34.45.53.175"
              }
            ],
            "private_ipv6_google_access": "",
            "project": "mlops-469310",
            "release_channel": [
              {
                "channel": "REGULAR"
              }
            ],
            "remove_default_node_pool": true,
            "resource_labels": null,
            "resource_usage_export_config": [],
            "security_posture_config": [
              {
                "mode": "BASIC",
                "vulnerability_mode": "VULNERABILITY_MODE_UNSPECIFIED"
              }
            ],
            "self_link": "https://container.googleapis.com/v1/projects/mlops-469310/zones/us-central1-c/clusters/mlops-469310-gke",
            "service_external_ips_config": [
              {
                "enabled": false
              }
            ],
            "services_ipv4_cidr": "10.71.240.0/20",
            "subnetwork": "projects/mlops-469310/regions/us-central1/subnetworks/default",
            "timeouts": null,
            "tpu_ipv4_cidr_block": "",
            "vertical_pod_autoscaling": [],
            "workload_identity_config": []
          },
          "sensitive_attributes": [],
          "private": "eyJlMmJmYjczMC1lY2FhLTExZTYtOGY4OC0zNDM2M2JjN2M0YzAiOnsiY3JlYXRlIjoyNDAwMDAwMDAwMDAwLCJkZWxldGUiOjI0MDAwMDAwMDAwMDAsInJlYWQiOjI0MDAwMDAwMDAwMDAsInVwZGF0ZSI6MzYwMDAwMDAwMDAwMH0sInNjaGVtYV92ZXJzaW9uIjoiMSJ9"
        }
      ]
    },
    {
      "mode": "managed",
      "type": "google_container_node_pool",
      "name": "primary_preemptible_nodes",
      "provider": "provider[\"registry.terraform.io/hashicorp/google\"]",
      "instances": [
        {
          "schema_version": 1,
          "attributes": {
            "autoscaling": [],
            "cluster": "mlops-469310-gke",
            "id": "projects/mlops-469310/locations/us-central1-c/clusters/mlops-469310-gke/nodePools/mle1-node-pool",
            "initial_node_count": 1,
            "instance_group_urls": [
              "https://www.googleapis.com/compute/v1/projects/mlops-469310/zones/us-central1-c/instanceGroupManagers/gke-mlops-469310-gke-mle1-node-pool-1f527d14-grp"
            ],
            "location": "us-central1-c",
            "managed_instance_group_urls": [
              "https://www.googleapis.com/compute/v1/projects/mlops-469310/zones/us-central1-c/instanceGroups/gke-mlops-469310-gke-mle1-node-pool-1f527d14-grp"
            ],
            "management": [
              {
                "auto_repair": true,
                "auto_upgrade": true
              }
            ],
            "max_pods_per_node": null,
            "name": "mle1-node-pool",
            "name_prefix": "",
            "network_config": [],
            "node_config": [
              {
                "advanced_machine_features": [],
                "boot_disk_kms_key": "",
                "disk_size_gb": 100,
                "disk_type": "pd-balanced",
                "ephemeral_storage_local_ssd_config": [],
                "gcfs_config": [],
                "guest_accelerator": [],
                "gvnic": [],
                "host_maintenance_policy": [],
                "image_type": "COS_CONTAINERD",
                "kubelet_config": [
                  {
                    "cpu_cfs_quota": false,
                    "cpu_cfs_quota_period": "",
                    "cpu_manager_policy": "",
                    "pod_pids_limit": 0
                  }
                ],
                "labels": {},
                "linux_node_config": [],
                "local_nvme_ssd_block_config": [],
                "local_ssd_count": 0,
                "logging_variant": "DEFAULT",
                "machine_type": "n2-standard-2",
                "metadata": {
                  "disable-legacy-endpoints": "true"
                },
                "min_cpu_platform": "",
                "node_group": "",
                "oauth_scopes": [
                  "https://www.googleapis.com/auth/devstorage.read_only",
                  "https://www.googleapis.com/auth/logging.write",
                  "https://www.googleapis.com/auth/monitoring",
                  "https://www.googleapis.com/auth/service.management.readonly",
                  "https://www.googleapis.com/auth/servicecontrol",
                  "https://www.googleapis.com/auth/trace.append"
                ],
                "preemptible": true,
                "reservation_affinity": [],
                "resource_labels": {
                  "goog-gke-node-pool-provisioning-model": "spot"
                },
                "service_account": "default",
                "shielded_instance_config": [
                  {
                    "enable_integrity_monitoring": true,
                    "enable_secure_boot": false
                  }
                ],
                "sole_tenant_config": [],
                "spot": false,
                "tags": null,
                "taint": [],
                "workload_metadata_config": []
              }
            ],
            "node_count": 1,
            "node_locations": [
              "us-central1-c"
            ],
            "operation": null,
            "placement_policy": [],
            "project": "mlops-469310",
            "timeouts": null,
            "upgrade_settings": [
              {
                "blue_green_settings": [],
                "max_surge": 1,
                "max_unavailable": 0,
                "strategy": "SURGE"
              }
            ],
            "version": "1.33.2-gke.1240000"
          },
          "sensitive_attributes": [],
          "private": "eyJlMmJmYjczMC1lY2FhLTExZTYtOGY4OC0zNDM2M2JjN2M0YzAiOnsiY3JlYXRlIjoxODAwMDAwMDAwMDAwLCJkZWxldGUiOjE4MDAwMDAwMDAwMDAsInVwZGF0ZSI6MTgwMDAwMDAwMDAwMH0sInNjaGVtYV92ZXJzaW9uIjoiMSJ9",
          "dependencies": [
            "google_container_cluster.primary"
          ]
        }
      ]
    }
  ],
  "check_results": null
}
